// !$*UTF8*$!
{
	archiveVersion = 1;
	classes = {
	};
	objectVersion = 50;
	objects = {

/* Begin PBXBuildFile section */
		52B209E723530DA7007DE58C /* AppDelegate.swift in Sources */ = {isa = PBXBuildFile; fileRef = 52B209E623530DA7007DE58C /* AppDelegate.swift */; };
		52B209E923530DA7007DE58C /* SceneDelegate.swift in Sources */ = {isa = PBXBuildFile; fileRef = 52B209E823530DA7007DE58C /* SceneDelegate.swift */; };
		52B209EE23530DA7007DE58C /* Main.storyboard in Resources */ = {isa = PBXBuildFile; fileRef = 52B209EC23530DA7007DE58C /* Main.storyboard */; };
		52B209F023530DAF007DE58C /* Assets.xcassets in Resources */ = {isa = PBXBuildFile; fileRef = 52B209EF23530DAF007DE58C /* Assets.xcassets */; };
		52B209F323530DAF007DE58C /* LaunchScreen.storyboard in Resources */ = {isa = PBXBuildFile; fileRef = 52B209F123530DAF007DE58C /* LaunchScreen.storyboard */; };
		52B209FB23531156007DE58C /* TableViewController.swift in Sources */ = {isa = PBXBuildFile; fileRef = 52B209FA23531156007DE58C /* TableViewController.swift */; };
		52B209FD235311DC007DE58C /* Model.swift in Sources */ = {isa = PBXBuildFile; fileRef = 52B209FC235311DC007DE58C /* Model.swift */; };
/* End PBXBuildFile section */

/* Begin PBXFileReference section */
		52B209E323530DA7007DE58C /* WaterCounter.app */ = {isa = PBXFileReference; explicitFileType = wrapper.application; includeInIndex = 0; path = WaterCounter.app; sourceTree = BUILT_PRODUCTS_DIR; };
		52B209E623530DA7007DE58C /* AppDelegate.swift */ = {isa = PBXFileReference; lastKnownFileType = sourcecode.swift; path = AppDelegate.swift; sourceTree = "<group>"; };
		52B209E823530DA7007DE58C /* SceneDelegate.swift */ = {isa = PBXFileReference; lastKnownFileType = sourcecode.swift; path = SceneDelegate.swift; sourceTree = "<group>"; };
		52B209ED23530DA7007DE58C /* Base */ = {isa = PBXFileReference; lastKnownFileType = file.storyboard; name = Base; path = Base.lproj/Main.storyboard; sourceTree = "<group>"; };
		52B209EF23530DAF007DE58C /* Assets.xcassets */ = {isa = PBXFileReference; lastKnownFileType = folder.assetcatalog; path = Assets.xcassets; sourceTree = "<group>"; };
		52B209F223530DAF007DE58C /* Base */ = {isa = PBXFileReference; lastKnownFileType = file.storyboard; name = Base; path = Base.lproj/LaunchScreen.storyboard; sourceTree = "<group>"; };
		52B209F423530DAF007DE58C /* Info.plist */ = {isa = PBXFileReference; lastKnownFileType = text.plist.xml; path = Info.plist; sourceTree = "<group>"; };
		52B209FA23531156007DE58C /* TableViewController.swift */ = {isa = PBXFileReference; lastKnownFileType = sourcecode.swift; path = TableViewController.swift; sourceTree = "<group>"; };
		52B209FC235311DC007DE58C /* Model.swift */ = {isa = PBXFileReference; lastKnownFileType = sourcecode.swift; path = Model.swift; sourceTree = "<group>"; };
/* End PBXFileReference section */

/* Begin PBXFrameworksBuildPhase section */
		52B209E023530DA7007DE58C /* Frameworks */ = {
			isa = PBXFrameworksBuildPhase;
			buildActionMask = 2147483647;
			files = (
			);
			runOnlyForDeploymentPostprocessing = 0;
		};
/* End PBXFrameworksBuildPhase section */

/* Begin PBXGroup section */
		52B209DA23530DA7007DE58C = {
			isa = PBXGroup;
			children = (
				52B209E523530DA7007DE58C /* WaterCounter */,
				52B209E423530DA7007DE58C /* Products */,
			);
			sourceTree = "<group>";
		};
		52B209E423530DA7007DE58C /* Products */ = {
			isa = PBXGroup;
			children = (
				52B209E323530DA7007DE58C /* WaterCounter.app */,
			);
			name = Products;
			sourceTree = "<group>";
		};
		52B209E523530DA7007DE58C /* WaterCounter */ = {
			isa = PBXGroup;
			children = (
				52B209E623530DA7007DE58C /* AppDelegate.swift */,
				52B209E823530DA7007DE58C /* SceneDelegate.swift */,
				52B209EC23530DA7007DE58C /* Main.storyboard */,
				52B209FA23531156007DE58C /* TableViewController.swift */,
				52B209FC235311DC007DE58C /* Model.swift */,
				52B209EF23530DAF007DE58C /* Assets.xcassets */,
				52B209F123530DAF007DE58C /* LaunchScreen.storyboard */,
				52B209F423530DAF007DE58C /* Info.plist */,
			);
			path = WaterCounter;
			sourceTree = "<group>";
		};
/* End PBXGroup section */

/* Begin PBXNativeTarget section */
		52B209E223530DA7007DE58C /* WaterCounter */ = {
			isa = PBXNativeTarget;
			buildConfigurationList = 52B209F723530DAF007DE58C /* Build configuration list for PBXNativeTarget "WaterCounter" */;
			buildPhases = (
				52B209DF23530DA7007DE58C /* Sources */,
				52B209E023530DA7007DE58C /* Frameworks */,
				52B209E123530DA7007DE58C /* Resources */,
			);
			buildRules = (
			);
			dependencies = (
			);
			name = WaterCounter;
			productName = WaterCounter;
			productReference = 52B209E323530DA7007DE58C /* WaterCounter.app */;
			productType = "com.apple.product-type.application";
		};
/* End PBXNativeTarget section */

/* Begin PBXProject section */
		52B209DB23530DA7007DE58C /* Project object */ = {
			isa = PBXProject;
			attributes = {
				LastSwiftUpdateCheck = 1110;
				LastUpgradeCheck = 1110;
				ORGANIZATIONNAME = "MacBook Pro";
				TargetAttributes = {
					52B209E223530DA7007DE58C = {
						CreatedOnToolsVersion = 11.1;
					};
				};
			};
			buildConfigurationList = 52B209DE23530DA7007DE58C /* Build configuration list for PBXProject "WaterCounter" */;
			compatibilityVersion = "Xcode 9.3";
			developmentRegion = en;
			hasScannedForEncodings = 0;
			knownRegions = (
				en,
				Base,
			);
			mainGroup = 52B209DA23530DA7007DE58C;
			productRefGroup = 52B209E423530DA7007DE58C /* Products */;
			projectDirPath = "";
			projectRoot = "";
			targets = (
				52B209E223530DA7007DE58C /* WaterCounter */,
			);
		};
/* End PBXProject section */

/* Begin PBXResourcesBuildPhase section */
		52B209E123530DA7007DE58C /* Resources */ = {
			isa = PBXResourcesBuildPhase;
			buildActionMask = 2147483647;
			files = (
				52B209F323530DAF007DE58C /* LaunchScreen.storyboard in Resources */,
				52B209F023530DAF007DE58C /* Assets.xcassets in Resources */,
				52B209EE23530DA7007DE58C /* Main.storyboard in Resources */,
			);
			runOnlyForDeploymentPostprocessing = 0;
		};
/* End PBXResourcesBuildPhase section */

/* Begin PBXSourcesBuildPhase section */
		52B209DF23530DA7007DE58C /* Sources */ = {
			isa = PBXSourcesBuildPhase;
			buildActionMask = 2147483647;
			files = (
				52B209E723530DA7007DE58C /* AppDelegate.swift in Sources */,
				52B209FB23531156007DE58C /* TableViewController.swift in Sources */,
				52B209E923530DA7007DE58C /* SceneDelegate.swift in Sources */,
				52B209FD235311DC007DE58C /* Model.swift in Sources */,
			);
			runOnlyForDeploymentPostprocessing = 0;
		};
/* End PBXSourcesBuildPhase section */

/* Begin PBXVariantGroup section */
		52B209EC23530DA7007DE58C /* Main.storyboard */ = {
			isa = PBXVariantGroup;
			children = (
				52B209ED23530DA7007DE58C /* Base */,
			);
			name = Main.storyboard;
			sourceTree = "<group>";
		};
		52B209F123530DAF007DE58C /* LaunchScreen.storyboard */ = {
			isa = PBXVariantGroup;
			children = (
				52B209F223530DAF007DE58C /* Base */,
			);
			name = LaunchScreen.storyboard;
			sourceTree = "<group>";
		};
/* End PBXVariantGroup section */

/* Begin XCBuildConfiguration section */
		52B209F523530DAF007DE58C /* Debug */ = {
			isa = XCBuildConfiguration;
			buildSettings = {
				ALWAYS_SEARCH_USER_PATHS = NO;
				CLANG_ANALYZER_NONNULL = YES;
				CLANG_ANALYZER_NUMBER_OBJECT_CONVERSION = YES_AGGRESSIVE;
				CLANG_CXX_LANGUAGE_STANDARD = "gnu++14";
				CLANG_CXX_LIBRARY = "libc++";
				CLANG_ENABLE_MODULES = YES;
				CLANG_ENABLE_OBJC_ARC = YES;
				CLANG_ENABLE_OBJC_WEAK = YES;
				CLANG_WARN_BLOCK_CAPTURE_AUTORELEASING = YES;
				CLANG_WARN_BOOL_CONVERSION = YES;
				CLANG_WARN_COMMA = YES;
				CLANG_WARN_CONSTANT_CONVERSION = YES;
				CLANG_WARN_DEPRECATED_OBJC_IMPLEMENTATIONS = YES;
				CLANG_WARN_DIRECT_OBJC_ISA_USAGE = YES_ERROR;
				CLANG_WARN_DOCUMENTATION_COMMENTS = YES;
				CLANG_WARN_EMPTY_BODY = YES;
				CLANG_WARN_ENUM_CONVERSION = YES;
				CLANG_WARN_INFINITE_RECURSION = YES;
				CLANG_WARN_INT_CONVERSION = YES;
				CLANG_WARN_NON_LITERAL_NULL_CONVERSION = YES;
				CLANG_WARN_OBJC_IMPLICIT_RETAIN_SELF = YES;
				CLANG_WARN_OBJC_LITERAL_CONVERSION = YES;
				CLANG_WARN_OBJC_ROOT_CLASS = YES_ERROR;
				CLANG_WARN_RANGE_LOOP_ANALYSIS = YES;
				CLANG_WARN_STRICT_PROTOTYPES = YES;
				CLANG_WARN_SUSPICIOUS_MOVE = YES;
				CLANG_WARN_UNGUARDED_AVAILABILITY = YES_AGGRESSIVE;
				CLANG_WARN_UNREACHABLE_CODE = YES;
				CLANG_WARN__DUPLICATE_METHOD_MATCH = YES;
				COPY_PHASE_STRIP = NO;
				DEBUG_INFORMATION_FORMAT = dwarf;
				ENABLE_STRICT_OBJC_MSGSEND = YES;
				ENABLE_TESTABILITY = YES;
				GCC_C_LANGUAGE_STANDARD = gnu11;
				GCC_DYNAMIC_NO_PIC = NO;
				GCC_NO_COMMON_BLOCKS = YES;
				GCC_OPTIMIZATION_LEVEL = 0;
				GCC_PREPROCESSOR_DEFINITIONS = (
					"DEBUG=1",
					"$(inherited)",
				);
				GCC_WARN_64_TO_32_BIT_CONVERSION = YES;
				GCC_WARN_ABOUT_RETURN_TYPE = YES_ERROR;
				GCC_WARN_UNDECLARED_SELECTOR = YES;
				GCC_WARN_UNINITIALIZED_AUTOS = YES_AGGRESSIVE;
				GCC_WARN_UNUSED_FUNCTION = YES;
				GCC_WARN_UNUSED_VARIABLE = YES;
				IPHONEOS_DEPLOYMENT_TARGET = 13.1;
				MTL_ENABLE_DEBUG_INFO = INCLUDE_SOURCE;
				MTL_FAST_MATH = YES;
				ONLY_ACTIVE_ARCH = YES;
				SDKROOT = iphoneos;
				SWIFT_ACTIVE_COMPILATION_CONDITIONS = DEBUG;
				SWIFT_OPTIMIZATION_LEVEL = "-Onone";
			};
			name = Debug;
		};
		52B209F623530DAF007DE58C /* Release */ = {
			isa = XCBuildConfiguration;
			buildSettings = {
				ALWAYS_SEARCH_USER_PATHS = NO;
				CLANG_ANALYZER_NONNULL = YES;
				CLANG_ANALYZER_NUMBER_OBJECT_CONVERSION = YES_AGGRESSIVE;
				CLANG_CXX_LANGUAGE_STANDARD = "gnu++14";
				CLANG_CXX_LIBRARY = "libc++";
				CLANG_ENABLE_MODULES = YES;
				CLANG_ENABLE_OBJC_ARC = YES;
				CLANG_ENABLE_OBJC_WEAK = YES;
				CLANG_WARN_BLOCK_CAPTURE_AUTORELEASING = YES;
				CLANG_WARN_BOOL_CONVERSION = YES;
				CLANG_WARN_COMMA = YES;
				CLANG_WARN_CONSTANT_CONVERSION = YES;
				CLANG_WARN_DEPRECATED_OBJC_IMPLEMENTATIONS = YES;
				CLANG_WARN_DIRECT_OBJC_ISA_USAGE = YES_ERROR;
				CLANG_WARN_DOCUMENTATION_COMMENTS = YES;
				CLANG_WARN_EMPTY_BODY = YES;
				CLANG_WARN_ENUM_CONVERSION = YES;
				CLANG_WARN_INFINITE_RECURSION = YES;
				CLANG_WARN_INT_CONVERSION = YES;
				CLANG_WARN_NON_LITERAL_NULL_CONVERSION = YES;
				CLANG_WARN_OBJC_IMPLICIT_RETAIN_SELF = YES;
				CLANG_WARN_OBJC_LITERAL_CONVERSION = YES;
				CLANG_WARN_OBJC_ROOT_CLASS = YES_ERROR;
				CLANG_WARN_RANGE_LOOP_ANALYSIS = YES;
				CLANG_WARN_STRICT_PROTOTYPES = YES;
				CLANG_WARN_SUSPICIOUS_MOVE = YES;
				CLANG_WARN_UNGUARDED_AVAILABILITY = YES_AGGRESSIVE;
				CLANG_WARN_UNREACHABLE_CODE = YES;
				CLANG_WARN__DUPLICATE_METHOD_MATCH = YES;
				COPY_PHASE_STRIP = NO;
				DEBUG_INFORMATION_FORMAT = "dwarf-with-dsym";
				ENABLE_NS_ASSERTIONS = NO;
				ENABLE_STRICT_OBJC_MSGSEND = YES;
				GCC_C_LANGUAGE_STANDARD = gnu11;
				GCC_NO_COMMON_BLOCKS = YES;
				GCC_WARN_64_TO_32_BIT_CONVERSION = YES;
				GCC_WARN_ABOUT_RETURN_TYPE = YES_ERROR;
				GCC_WARN_UNDECLARED_SELECTOR = YES;
				GCC_WARN_UNINITIALIZED_AUTOS = YES_AGGRESSIVE;
				GCC_WARN_UNUSED_FUNCTION = YES;
				GCC_WARN_UNUSED_VARIABLE = YES;
				IPHONEOS_DEPLOYMENT_TARGET = 13.1;
				MTL_ENABLE_DEBUG_INFO = NO;
				MTL_FAST_MATH = YES;
				SDKROOT = iphoneos;
				SWIFT_COMPILATION_MODE = wholemodule;
				SWIFT_OPTIMIZATION_LEVEL = "-O";
				VALIDATE_PRODUCT = YES;
			};
			name = Release;
		};
		52B209F823530DAF007DE58C /* Debug */ = {
			isa = XCBuildConfiguration;
			buildSettings = {
				ASSETCATALOG_COMPILER_APPICON_NAME = AppIcon;
				CODE_SIGN_STYLE = Automatic;
				DEVELOPMENT_TEAM = BU3KF3675Y;
				INFOPLIST_FILE = WaterCounter/Info.plist;
				LD_RUNPATH_SEARCH_PATHS = (
					"$(inherited)",
					"@executable_path/Frameworks",
				);
				PRODUCT_BUNDLE_IDENTIFIER = com.alex.WaterCounter;
				PRODUCT_NAME = "$(TARGET_NAME)";
				SWIFT_VERSION = 5.0;
				TARGETED_DEVICE_FAMILY = "1,2";
			};
			name = Debug;
		};
		52B209F923530DAF007DE58C /* Release */ = {
			isa = XCBuildConfiguration;
			buildSettings = {
				ASSETCATALOG_COMPILER_APPICON_NAME = AppIcon;
				CODE_SIGN_STYLE = Automatic;
				DEVELOPMENT_TEAM = BU3KF3675Y;
				INFOPLIST_FILE = WaterCounter/Info.plist;
				LD_RUNPATH_SEARCH_PATHS = (
					"$(inherited)",
					"@executable_path/Frameworks",
				);
				PRODUCT_BUNDLE_IDENTIFIER = com.alex.WaterCounter;
				PRODUCT_NAME = "$(TARGET_NAME)";
				SWIFT_VERSION = 5.0;
				TARGETED_DEVICE_FAMILY = "1,2";
			};
			name = Release;
		};
/* End XCBuildConfiguration section */

/* Begin XCConfigurationList section */
		52B209DE23530DA7007DE58C /* Build configuration list for PBXProject "WaterCounter" */ = {
			isa = XCConfigurationList;
			buildConfigurations = (
				52B209F523530DAF007DE58C /* Debug */,
				52B209F623530DAF007DE58C /* Release */,
			);
			defaultConfigurationIsVisible = 0;
			defaultConfigurationName = Release;
		};
		52B209F723530DAF007DE58C /* Build configuration list for PBXNativeTarget "WaterCounter" */ = {
			isa = XCConfigurationList;
			buildConfigurations = (
				52B209F823530DAF007DE58C /* Debug */,
				52B209F923530DAF007DE58C /* Release */,
			);
			defaultConfigurationIsVisible = 0;
			defaultConfigurationName = Release;
		};
/* End XCConfigurationList section */
	};
	rootObject = 52B209DB23530DA7007DE58C /* Project object */;
}
